
Microsoft Visual Studio Solution File, Format Version 12.00
# Visual Studio Version 17
VisualStudioVersion = 17.4.33205.214
MinimumVisualStudioVersion = 10.0.40219.1
Project("{FAE04EC0-301F-11D3-BF4B-00C04F79EFBC}") = "DEMKZ", "DEMKZ\DEMKZ.csproj", "{01527357-30AC-4F72-AF22-275166DFA234}"
EndProject
Global
	GlobalSection(SolutionConfigurationPlatforms) = preSolution
		Debug|Any CPU = Debug|Any CPU
		Release|Any CPU = Release|Any CPU
	EndGlobalSection
	GlobalSection(ProjectConfigurationPlatforms) = postSolution
		{01527357-30AC-4F72-AF22-275166DFA234}.Debug|Any CPU.ActiveCfg = Debug|Any CPU
		{01527357-30AC-4F72-AF22-275166DFA234}.Debug|Any CPU.Build.0 = Debug|Any CPU
		{01527357-30AC-4F72-AF22-275166DFA234}.Release|Any CPU.ActiveCfg = Release|Any CPU
		{01527357-30AC-4F72-AF22-275166DFA234}.Release|Any CPU.Build.0 = Release|Any CPU
	EndGlobalSection
	GlobalSection(SolutionProperties) = preSolution
		HideSolutionNode = FALSE
	EndGlobalSection
	GlobalSection(ExtensibilityGlobals) = postSolution
		SolutionGuid = {AAA7899B-A7E6-4A2E-8213-E09A18357FB3}
	EndGlobalSection
EndGlobal
